Microsoft Visual Studio Solution File, Format Version 12.00
# Visual Studio Version 17
VisualStudioVersion = 17.5.2.0
MinimumVisualStudioVersion = 10.0.40219.1
Project("{2150E333-8FDC-42A3-9474-1A3956D46DE8}") = "Module2", "Module2", "{E23178EA-7DB7-01D8-01C5-52AD6DC45D82}"
EndProject
Project("{FAE04EC0-301F-11D3-BF4B-00C04F79EFBC}") = "Fibonacci", "Module2\Fibonacci\Fibonacci.csproj", "{F7F9AAEB-0A96-4924-32A6-365AB33CB631}"
EndProject
Global
	GlobalSection(SolutionConfigurationPlatforms) = preSolution
		Debug|Any CPU = Debug|Any CPU
		Release|Any CPU = Release|Any CPU
	EndGlobalSection
	GlobalSection(ProjectConfigurationPlatforms) = postSolution
		{F7F9AAEB-0A96-4924-32A6-365AB33CB631}.Debug|Any CPU.ActiveCfg = Debug|Any CPU
		{F7F9AAEB-0A96-4924-32A6-365AB33CB631}.Debug|Any CPU.Build.0 = Debug|Any CPU
		{F7F9AAEB-0A96-4924-32A6-365AB33CB631}.Release|Any CPU.ActiveCfg = Release|Any CPU
		{F7F9AAEB-0A96-4924-32A6-365AB33CB631}.Release|Any CPU.Build.0 = Release|Any CPU
	EndGlobalSection
	GlobalSection(SolutionProperties) = preSolution
		HideSolutionNode = FALSE
	EndGlobalSection
	GlobalSection(NestedProjects) = preSolution
		{F7F9AAEB-0A96-4924-32A6-365AB33CB631} = {E23178EA-7DB7-01D8-01C5-52AD6DC45D82}
	EndGlobalSection
	GlobalSection(ExtensibilityGlobals) = postSolution
		SolutionGuid = {AE67B0AF-C0BA-481D-A026-8C90967956A5}
	EndGlobalSection
EndGlobal
